
Microsoft Visual Studio Solution File, Format Version 12.00
# Visual Studio Version 17
VisualStudioVersion = 17.5.002.0
MinimumVisualStudioVersion = 10.0.40219.1
Project("{9A19103F-16F7-4668-BE54-9A1E7A4F7556}") = "api", "api\api.csproj", "{BA7DF4CA-F580-49E3-BF3E-4F1C8E150CDB}"
EndProject
Global
	GlobalSection(SolutionConfigurationPlatforms) = preSolution
		Debug|Any CPU = Debug|Any CPU
		Release|Any CPU = Release|Any CPU
	EndGlobalSection
	GlobalSection(ProjectConfigurationPlatforms) = postSolution
		{BA7DF4CA-F580-49E3-BF3E-4F1C8E150CDB}.Debug|Any CPU.ActiveCfg = Debug|Any CPU
		{BA7DF4CA-F580-49E3-BF3E-4F1C8E150CDB}.Debug|Any CPU.Build.0 = Debug|Any CPU
		{BA7DF4CA-F580-49E3-BF3E-4F1C8E150CDB}.Release|Any CPU.ActiveCfg = Release|Any CPU
		{BA7DF4CA-F580-49E3-BF3E-4F1C8E150CDB}.Release|Any CPU.Build.0 = Release|Any CPU
	EndGlobalSection
	GlobalSection(SolutionProperties) = preSolution
		HideSolutionNode = FALSE
	EndGlobalSection
	GlobalSection(ExtensibilityGlobals) = postSolution
		SolutionGuid = {D26733D9-074B-4E34-B964-0DD3525EF33F}
	EndGlobalSection
EndGlobal
